
Microsoft Visual Studio Solution File, Format Version 12.00
# Visual Studio 2013
VisualStudioVersion = 12.0.21005.1
MinimumVisualStudioVersion = 10.0.40219.1
Project("{FAE04EC0-301F-11D3-BF4B-00C04F79EFBC}") = "Our.Umbraco.Mortar", "Src\Our.Umbraco.Mortar\Our.Umbraco.Mortar.csproj", "{3FA3B3C0-74E3-4031-ADD3-40BEC471B156}"
EndProject
Project("{2150E333-8FDC-42A3-9474-1A3956D46DE8}") = "Solution Items", "Solution Items", "{F70B6E09-0450-4683-B5CD-88EDD89B0678}"
EndProject
Project("{2150E333-8FDC-42A3-9474-1A3956D46DE8}") = "Build", "Build", "{5CF9324B-2A85-4FFE-A908-0F79E6021388}"
	ProjectSection(SolutionItems) = preProject
		Package.build.xml = Package.build.xml
		Package.xml = Package.xml
		README.md = README.md
	EndProjectSection
EndProject
Project("{E24C65DC-7377-472B-9ABA-BC803B73C61A}") = "UmbracoCms.7.1.2", "http://localhost:56278", "{97275BED-AF29-42E8-B8D1-69065AA3D9A3}"
	ProjectSection(WebsiteProperties) = preProject
		UseIISExpress = "true"
		TargetFrameworkMoniker = ".NETFramework,Version%3Dv4.5"
		Debug.AspNetCompiler.VirtualPath = "/localhost_56278"
		Debug.AspNetCompiler.PhysicalPath = "..\..\..\Sandbox\Umbraco\UmbracoCms.7.1.2\"
		Debug.AspNetCompiler.TargetPath = "PrecompiledWeb\localhost_56278\"
		Debug.AspNetCompiler.Updateable = "true"
		Debug.AspNetCompiler.ForceOverwrite = "true"
		Debug.AspNetCompiler.FixedNames = "false"
		Debug.AspNetCompiler.Debug = "True"
		Release.AspNetCompiler.VirtualPath = "/localhost_56278"
		Release.AspNetCompiler.PhysicalPath = "..\..\..\Sandbox\Umbraco\UmbracoCms.7.1.2\"
		Release.AspNetCompiler.TargetPath = "PrecompiledWeb\localhost_56278\"
		Release.AspNetCompiler.Updateable = "true"
		Release.AspNetCompiler.ForceOverwrite = "true"
		Release.AspNetCompiler.FixedNames = "false"
		Release.AspNetCompiler.Debug = "False"
		SlnRelativePath = "..\..\..\Sandbox\Umbraco\UmbracoCms.7.1.2\"
	EndProjectSection
EndProject
Project("{FAE04EC0-301F-11D3-BF4B-00C04F79EFBC}") = "Our.Umbraco.Mortar.Courier", "Src\Our.Umbraco.Mortar.Courier\Our.Umbraco.Mortar.Courier.csproj", "{AC611B8C-44EF-450C-8B7A-D9988830D232}"
EndProject
Global
	GlobalSection(SolutionConfigurationPlatforms) = preSolution
		Debug|Any CPU = Debug|Any CPU
		Release|Any CPU = Release|Any CPU
	EndGlobalSection
	GlobalSection(ProjectConfigurationPlatforms) = postSolution
		{3FA3B3C0-74E3-4031-ADD3-40BEC471B156}.Debug|Any CPU.ActiveCfg = Debug|Any CPU
		{3FA3B3C0-74E3-4031-ADD3-40BEC471B156}.Debug|Any CPU.Build.0 = Debug|Any CPU
		{3FA3B3C0-74E3-4031-ADD3-40BEC471B156}.Release|Any CPU.ActiveCfg = Release|Any CPU
		{3FA3B3C0-74E3-4031-ADD3-40BEC471B156}.Release|Any CPU.Build.0 = Release|Any CPU
		{97275BED-AF29-42E8-B8D1-69065AA3D9A3}.Debug|Any CPU.ActiveCfg = Debug|Any CPU
		{97275BED-AF29-42E8-B8D1-69065AA3D9A3}.Release|Any CPU.ActiveCfg = Debug|Any CPU
		{97275BED-AF29-42E8-B8D1-69065AA3D9A3}.Release|Any CPU.Build.0 = Debug|Any CPU
		{AC611B8C-44EF-450C-8B7A-D9988830D232}.Debug|Any CPU.ActiveCfg = Debug|Any CPU
		{AC611B8C-44EF-450C-8B7A-D9988830D232}.Debug|Any CPU.Build.0 = Debug|Any CPU
		{AC611B8C-44EF-450C-8B7A-D9988830D232}.Release|Any CPU.ActiveCfg = Release|Any CPU
		{AC611B8C-44EF-450C-8B7A-D9988830D232}.Release|Any CPU.Build.0 = Release|Any CPU
	EndGlobalSection
	GlobalSection(SolutionProperties) = preSolution
		HideSolutionNode = FALSE
	EndGlobalSection
	GlobalSection(NestedProjects) = preSolution
		{5CF9324B-2A85-4FFE-A908-0F79E6021388} = {F70B6E09-0450-4683-B5CD-88EDD89B0678}
	EndGlobalSection
EndGlobal
